
Microsoft Visual Studio Solution File, Format Version 12.00
# Visual Studio 14
VisualStudioVersion = 14.0.23107.0
MinimumVisualStudioVersion = 10.0.40219.1
Project("{FAE04EC0-301F-11D3-BF4B-00C04F79EFBC}") = "RagnaRogue-src", "RagnaRogue-src\RagnaRogue-src.csproj", "{B99FD861-01FE-48EC-B1A0-EEF62D897ED3}"
EndProject
Project("{FAE04EC0-301F-11D3-BF4B-00C04F79EFBC}") = "RagnaRogue-script", "..\RagnaRogue-script\RagnaRogue-script.csproj", "{A227D1EB-EFDF-4316-83E9-2873B700508A}"
EndProject
Global
	GlobalSection(SolutionConfigurationPlatforms) = preSolution
		Debug|Any CPU = Debug|Any CPU
		Release|Any CPU = Release|Any CPU
	EndGlobalSection
	GlobalSection(ProjectConfigurationPlatforms) = postSolution
		{B99FD861-01FE-48EC-B1A0-EEF62D897ED3}.Debug|Any CPU.ActiveCfg = Debug|Any CPU
		{B99FD861-01FE-48EC-B1A0-EEF62D897ED3}.Debug|Any CPU.Build.0 = Debug|Any CPU
		{B99FD861-01FE-48EC-B1A0-EEF62D897ED3}.Release|Any CPU.ActiveCfg = Release|Any CPU
		{B99FD861-01FE-48EC-B1A0-EEF62D897ED3}.Release|Any CPU.Build.0 = Release|Any CPU
		{A227D1EB-EFDF-4316-83E9-2873B700508A}.Debug|Any CPU.ActiveCfg = Debug|Any CPU
		{A227D1EB-EFDF-4316-83E9-2873B700508A}.Debug|Any CPU.Build.0 = Debug|Any CPU
		{A227D1EB-EFDF-4316-83E9-2873B700508A}.Release|Any CPU.ActiveCfg = Release|Any CPU
		{A227D1EB-EFDF-4316-83E9-2873B700508A}.Release|Any CPU.Build.0 = Release|Any CPU
	EndGlobalSection
	GlobalSection(SolutionProperties) = preSolution
		HideSolutionNode = FALSE
	EndGlobalSection
EndGlobal
